
Microsoft Visual Studio Solution File, Format Version 12.00
# Visual Studio Version 17
VisualStudioVersion = 17.0.31903.59
MinimumVisualStudioVersion = 10.0.40219.1
Project("{2150E333-8FDC-42A3-9474-1A3956D46DE8}") = "src", "src", "{827E0CD3-B72D-47B6-A68D-7590B98EB39B}"
EndProject
Project("{FAE04EC0-301F-11D3-BF4B-00C04F79EFBC}") = "PetPals.Domain", "src\PetPals.Domain\PetPals.Domain.csproj", "{EF2705ED-E2DE-4694-AFCD-6D53F9CE1E22}"
EndProject
Project("{FAE04EC0-301F-11D3-BF4B-00C04F79EFBC}") = "PetPals.Application", "src\PetPals.Application\PetPals.Application.csproj", "{B2273D91-8153-4B27-BCE3-FF87B4F15578}"
EndProject
Project("{FAE04EC0-301F-11D3-BF4B-00C04F79EFBC}") = "PetPals.Infrastructure", "src\PetPals.Infrastructure\PetPals.Infrastructure.csproj", "{9A1B34EF-C48F-4713-89F0-AEA411E2D0B7}"
EndProject
Project("{FAE04EC0-301F-11D3-BF4B-00C04F79EFBC}") = "PetPals.API", "src\PetPals.API\PetPals.API.csproj", "{9A85D02B-7A64-4D33-B748-7568918CB1F8}"
EndProject
Global
	GlobalSection(SolutionConfigurationPlatforms) = preSolution
		Debug|Any CPU = Debug|Any CPU
		Debug|x64 = Debug|x64
		Debug|x86 = Debug|x86
		Release|Any CPU = Release|Any CPU
		Release|x64 = Release|x64
		Release|x86 = Release|x86
	EndGlobalSection
	GlobalSection(ProjectConfigurationPlatforms) = postSolution
		{EF2705ED-E2DE-4694-AFCD-6D53F9CE1E22}.Debug|Any CPU.ActiveCfg = Debug|Any CPU
		{EF2705ED-E2DE-4694-AFCD-6D53F9CE1E22}.Debug|Any CPU.Build.0 = Debug|Any CPU
		{EF2705ED-E2DE-4694-AFCD-6D53F9CE1E22}.Debug|x64.ActiveCfg = Debug|Any CPU
		{EF2705ED-E2DE-4694-AFCD-6D53F9CE1E22}.Debug|x64.Build.0 = Debug|Any CPU
		{EF2705ED-E2DE-4694-AFCD-6D53F9CE1E22}.Debug|x86.ActiveCfg = Debug|Any CPU
		{EF2705ED-E2DE-4694-AFCD-6D53F9CE1E22}.Debug|x86.Build.0 = Debug|Any CPU
		{EF2705ED-E2DE-4694-AFCD-6D53F9CE1E22}.Release|Any CPU.ActiveCfg = Release|Any CPU
		{EF2705ED-E2DE-4694-AFCD-6D53F9CE1E22}.Release|Any CPU.Build.0 = Release|Any CPU
		{EF2705ED-E2DE-4694-AFCD-6D53F9CE1E22}.Release|x64.ActiveCfg = Release|Any CPU
		{EF2705ED-E2DE-4694-AFCD-6D53F9CE1E22}.Release|x64.Build.0 = Release|Any CPU
		{EF2705ED-E2DE-4694-AFCD-6D53F9CE1E22}.Release|x86.ActiveCfg = Release|Any CPU
		{EF2705ED-E2DE-4694-AFCD-6D53F9CE1E22}.Release|x86.Build.0 = Release|Any CPU
		{B2273D91-8153-4B27-BCE3-FF87B4F15578}.Debug|Any CPU.ActiveCfg = Debug|Any CPU
		{B2273D91-8153-4B27-BCE3-FF87B4F15578}.Debug|Any CPU.Build.0 = Debug|Any CPU
		{B2273D91-8153-4B27-BCE3-FF87B4F15578}.Debug|x64.ActiveCfg = Debug|Any CPU
		{B2273D91-8153-4B27-BCE3-FF87B4F15578}.Debug|x64.Build.0 = Debug|Any CPU
		{B2273D91-8153-4B27-BCE3-FF87B4F15578}.Debug|x86.ActiveCfg = Debug|Any CPU
		{B2273D91-8153-4B27-BCE3-FF87B4F15578}.Debug|x86.Build.0 = Debug|Any CPU
		{B2273D91-8153-4B27-BCE3-FF87B4F15578}.Release|Any CPU.ActiveCfg = Release|Any CPU
		{B2273D91-8153-4B27-BCE3-FF87B4F15578}.Release|Any CPU.Build.0 = Release|Any CPU
		{B2273D91-8153-4B27-BCE3-FF87B4F15578}.Release|x64.ActiveCfg = Release|Any CPU
		{B2273D91-8153-4B27-BCE3-FF87B4F15578}.Release|x64.Build.0 = Release|Any CPU
		{B2273D91-8153-4B27-BCE3-FF87B4F15578}.Release|x86.ActiveCfg = Release|Any CPU
		{B2273D91-8153-4B27-BCE3-FF87B4F15578}.Release|x86.Build.0 = Release|Any CPU
		{9A1B34EF-C48F-4713-89F0-AEA411E2D0B7}.Debug|Any CPU.ActiveCfg = Debug|Any CPU
		{9A1B34EF-C48F-4713-89F0-AEA411E2D0B7}.Debug|Any CPU.Build.0 = Debug|Any CPU
		{9A1B34EF-C48F-4713-89F0-AEA411E2D0B7}.Debug|x64.ActiveCfg = Debug|Any CPU
		{9A1B34EF-C48F-4713-89F0-AEA411E2D0B7}.Debug|x64.Build.0 = Debug|Any CPU
		{9A1B34EF-C48F-4713-89F0-AEA411E2D0B7}.Debug|x86.ActiveCfg = Debug|Any CPU
		{9A1B34EF-C48F-4713-89F0-AEA411E2D0B7}.Debug|x86.Build.0 = Debug|Any CPU
		{9A1B34EF-C48F-4713-89F0-AEA411E2D0B7}.Release|Any CPU.ActiveCfg = Release|Any CPU
		{9A1B34EF-C48F-4713-89F0-AEA411E2D0B7}.Release|Any CPU.Build.0 = Release|Any CPU
		{9A1B34EF-C48F-4713-89F0-AEA411E2D0B7}.Release|x64.ActiveCfg = Release|Any CPU
		{9A1B34EF-C48F-4713-89F0-AEA411E2D0B7}.Release|x64.Build.0 = Release|Any CPU
		{9A1B34EF-C48F-4713-89F0-AEA411E2D0B7}.Release|x86.ActiveCfg = Release|Any CPU
		{9A1B34EF-C48F-4713-89F0-AEA411E2D0B7}.Release|x86.Build.0 = Release|Any CPU
		{9A85D02B-7A64-4D33-B748-7568918CB1F8}.Debug|Any CPU.ActiveCfg = Debug|Any CPU
		{9A85D02B-7A64-4D33-B748-7568918CB1F8}.Debug|Any CPU.Build.0 = Debug|Any CPU
		{9A85D02B-7A64-4D33-B748-7568918CB1F8}.Debug|x64.ActiveCfg = Debug|Any CPU
		{9A85D02B-7A64-4D33-B748-7568918CB1F8}.Debug|x64.Build.0 = Debug|Any CPU
		{9A85D02B-7A64-4D33-B748-7568918CB1F8}.Debug|x86.ActiveCfg = Debug|Any CPU
		{9A85D02B-7A64-4D33-B748-7568918CB1F8}.Debug|x86.Build.0 = Debug|Any CPU
		{9A85D02B-7A64-4D33-B748-7568918CB1F8}.Release|Any CPU.ActiveCfg = Release|Any CPU
		{9A85D02B-7A64-4D33-B748-7568918CB1F8}.Release|Any CPU.Build.0 = Release|Any CPU
		{9A85D02B-7A64-4D33-B748-7568918CB1F8}.Release|x64.ActiveCfg = Release|Any CPU
		{9A85D02B-7A64-4D33-B748-7568918CB1F8}.Release|x64.Build.0 = Release|Any CPU
		{9A85D02B-7A64-4D33-B748-7568918CB1F8}.Release|x86.ActiveCfg = Release|Any CPU
		{9A85D02B-7A64-4D33-B748-7568918CB1F8}.Release|x86.Build.0 = Release|Any CPU
	EndGlobalSection
	GlobalSection(SolutionProperties) = preSolution
		HideSolutionNode = FALSE
	EndGlobalSection
	GlobalSection(NestedProjects) = preSolution
		{EF2705ED-E2DE-4694-AFCD-6D53F9CE1E22} = {827E0CD3-B72D-47B6-A68D-7590B98EB39B}
		{B2273D91-8153-4B27-BCE3-FF87B4F15578} = {827E0CD3-B72D-47B6-A68D-7590B98EB39B}
		{9A1B34EF-C48F-4713-89F0-AEA411E2D0B7} = {827E0CD3-B72D-47B6-A68D-7590B98EB39B}
		{9A85D02B-7A64-4D33-B748-7568918CB1F8} = {827E0CD3-B72D-47B6-A68D-7590B98EB39B}
	EndGlobalSection
EndGlobal
